
Microsoft Visual Studio Solution File, Format Version 12.00
# Visual Studio 15
VisualStudioVersion = 15.0.27004.2010
MinimumVisualStudioVersion = 10.0.40219.1
Project("{9A19103F-16F7-4668-BE54-9A1E7A4F7556}") = "Atividade1POO", "Atividade1POO\Atividade1POO.csproj", "{2E9951DB-7F89-46EB-A869-1BDB3BD71546}"
EndProject
Project("{9A19103F-16F7-4668-BE54-9A1E7A4F7556}") = "ConsoleApp1", "ConsoleApp1\ConsoleApp1.csproj", "{D684D26C-ED17-4E27-9007-99CEE9FD8F1F}"
EndProject
Project("{FAE04EC0-301F-11D3-BF4B-00C04F79EFBC}") = "Atividade2EFCore", "Atividade2EFCore\Atividade2EFCore.csproj", "{37E349AF-68A1-47A6-B758-98AE0AC60687}"
EndProject
Project("{FAE04EC0-301F-11D3-BF4B-00C04F79EFBC}") = "ConsoleApp2", "ConsoleApp2\ConsoleApp2.csproj", "{E81D1EB4-1134-43A4-BFD6-FFB50FFB6039}"
EndProject
Global
	GlobalSection(SolutionConfigurationPlatforms) = preSolution
		Debug|Any CPU = Debug|Any CPU
		Release|Any CPU = Release|Any CPU
	EndGlobalSection
	GlobalSection(ProjectConfigurationPlatforms) = postSolution
		{2E9951DB-7F89-46EB-A869-1BDB3BD71546}.Debug|Any CPU.ActiveCfg = Debug|Any CPU
		{2E9951DB-7F89-46EB-A869-1BDB3BD71546}.Debug|Any CPU.Build.0 = Debug|Any CPU
		{2E9951DB-7F89-46EB-A869-1BDB3BD71546}.Release|Any CPU.ActiveCfg = Release|Any CPU
		{2E9951DB-7F89-46EB-A869-1BDB3BD71546}.Release|Any CPU.Build.0 = Release|Any CPU
		{D684D26C-ED17-4E27-9007-99CEE9FD8F1F}.Debug|Any CPU.ActiveCfg = Debug|Any CPU
		{D684D26C-ED17-4E27-9007-99CEE9FD8F1F}.Debug|Any CPU.Build.0 = Debug|Any CPU
		{D684D26C-ED17-4E27-9007-99CEE9FD8F1F}.Release|Any CPU.ActiveCfg = Release|Any CPU
		{D684D26C-ED17-4E27-9007-99CEE9FD8F1F}.Release|Any CPU.Build.0 = Release|Any CPU
		{37E349AF-68A1-47A6-B758-98AE0AC60687}.Debug|Any CPU.ActiveCfg = Debug|Any CPU
		{37E349AF-68A1-47A6-B758-98AE0AC60687}.Debug|Any CPU.Build.0 = Debug|Any CPU
		{37E349AF-68A1-47A6-B758-98AE0AC60687}.Release|Any CPU.ActiveCfg = Release|Any CPU
		{37E349AF-68A1-47A6-B758-98AE0AC60687}.Release|Any CPU.Build.0 = Release|Any CPU
		{E81D1EB4-1134-43A4-BFD6-FFB50FFB6039}.Debug|Any CPU.ActiveCfg = Debug|Any CPU
		{E81D1EB4-1134-43A4-BFD6-FFB50FFB6039}.Debug|Any CPU.Build.0 = Debug|Any CPU
		{E81D1EB4-1134-43A4-BFD6-FFB50FFB6039}.Release|Any CPU.ActiveCfg = Release|Any CPU
		{E81D1EB4-1134-43A4-BFD6-FFB50FFB6039}.Release|Any CPU.Build.0 = Release|Any CPU
	EndGlobalSection
	GlobalSection(SolutionProperties) = preSolution
		HideSolutionNode = FALSE
	EndGlobalSection
	GlobalSection(ExtensibilityGlobals) = postSolution
		SolutionGuid = {D1606912-E294-44BA-A1F7-CF571E0B7613}
	EndGlobalSection
EndGlobal
